Microsoft Visual Studio Solution File, Format Version 11.00
# Visual Studio 2015
Project("{98DC8108-56A6-5BDC-F6A3-634FF56572AB}") = "coherunce", "coherunce.vcxproj", "{45454047-47D0-8469-D63A-797751AE6AF6}"
EndProject
Global
	GlobalSection(SolutionConfigurationPlatforms) = preSolution
		Debug|Win32 = Debug|Win32
		Release|Win32 = Release|Win32
	EndGlobalSection
	GlobalSection(ProjectConfigurationPlatforms) = postSolution
		{45454047-47D0-8469-D63A-797751AE6AF6}.Debug|Win32.ActiveCfg = Debug|Win32
		{45454047-47D0-8469-D63A-797751AE6AF6}.Debug|Win32.Build.0 = Debug|Win32
		{45454047-47D0-8469-D63A-797751AE6AF6}.Release|Win32.ActiveCfg = Release|Win32
		{45454047-47D0-8469-D63A-797751AE6AF6}.Release|Win32.Build.0 = Release|Win32
	EndGlobalSection
	GlobalSection(SolutionProperties) = preSolution
		HideSolutionNode = FALSE
	EndGlobalSection
EndGlobal
